
Microsoft Visual Studio Solution File, Format Version 12.00
# Visual Studio Version 16
VisualStudioVersion = 16.0.29509.3
MinimumVisualStudioVersion = 10.0.40219.1
Project("{9A19103F-16F7-4668-BE54-9A1E7A4F7556}") = "RoundTheCode.Blazor", "RoundTheCode.Blazor\RoundTheCode.Blazor.csproj", "{52A71857-D869-456E-A2A9-C08878165F90}"
EndProject
Global
	GlobalSection(SolutionConfigurationPlatforms) = preSolution
		Debug|Any CPU = Debug|Any CPU
		Release|Any CPU = Release|Any CPU
	EndGlobalSection
	GlobalSection(ProjectConfigurationPlatforms) = postSolution
		{52A71857-D869-456E-A2A9-C08878165F90}.Debug|Any CPU.ActiveCfg = Debug|Any CPU
		{52A71857-D869-456E-A2A9-C08878165F90}.Debug|Any CPU.Build.0 = Debug|Any CPU
		{52A71857-D869-456E-A2A9-C08878165F90}.Release|Any CPU.ActiveCfg = Release|Any CPU
		{52A71857-D869-456E-A2A9-C08878165F90}.Release|Any CPU.Build.0 = Release|Any CPU
	EndGlobalSection
	GlobalSection(SolutionProperties) = preSolution
		HideSolutionNode = FALSE
	EndGlobalSection
	GlobalSection(ExtensibilityGlobals) = postSolution
		SolutionGuid = {EB48E713-CF01-4831-BF83-78C6D7FC46DC}
	EndGlobalSection
EndGlobal
